
Microsoft Visual Studio Solution File, Format Version 12.00
# Visual Studio Version 16
VisualStudioVersion = 16.0.30717.126
MinimumVisualStudioVersion = 10.0.40219.1
Project("{FAE04EC0-301F-11D3-BF4B-00C04F79EFBC}") = "FT24 Automate", "FT24 Automate\FT24 Automate.csproj", "{8E184878-4584-436B-9F17-8E1E4770588B}"
EndProject
Global
	GlobalSection(SolutionConfigurationPlatforms) = preSolution
		Debug|Any CPU = Debug|Any CPU
		Release|Any CPU = Release|Any CPU
	EndGlobalSection
	GlobalSection(ProjectConfigurationPlatforms) = postSolution
		{8E184878-4584-436B-9F17-8E1E4770588B}.Debug|Any CPU.ActiveCfg = Debug|Any CPU
		{8E184878-4584-436B-9F17-8E1E4770588B}.Debug|Any CPU.Build.0 = Debug|Any CPU
		{8E184878-4584-436B-9F17-8E1E4770588B}.Release|Any CPU.ActiveCfg = Release|Any CPU
		{8E184878-4584-436B-9F17-8E1E4770588B}.Release|Any CPU.Build.0 = Release|Any CPU
	EndGlobalSection
	GlobalSection(SolutionProperties) = preSolution
		HideSolutionNode = FALSE
	EndGlobalSection
	GlobalSection(ExtensibilityGlobals) = postSolution
		SolutionGuid = {627E1C02-A27F-48B1-BBBA-89A8FD2272BE}
	EndGlobalSection
EndGlobal
